
Microsoft Visual Studio Solution File, Format Version 12.00
# Visual Studio Version 17
VisualStudioVersion = 17.14.36511.14 d17.14
MinimumVisualStudioVersion = 10.0.40219.1
Project("{FAE04EC0-301F-11D3-BF4B-00C04F79EFBC}") = "Lab_4", "Lab_4\Lab_4.csproj", "{752C73C3-FC59-4F76-A445-44EF604451AB}"
EndProject
Global
	GlobalSection(SolutionConfigurationPlatforms) = preSolution
		Debug|Any CPU = Debug|Any CPU
		Release|Any CPU = Release|Any CPU
	EndGlobalSection
	GlobalSection(ProjectConfigurationPlatforms) = postSolution
		{752C73C3-FC59-4F76-A445-44EF604451AB}.Debug|Any CPU.ActiveCfg = Debug|Any CPU
		{752C73C3-FC59-4F76-A445-44EF604451AB}.Debug|Any CPU.Build.0 = Debug|Any CPU
		{752C73C3-FC59-4F76-A445-44EF604451AB}.Release|Any CPU.ActiveCfg = Release|Any CPU
		{752C73C3-FC59-4F76-A445-44EF604451AB}.Release|Any CPU.Build.0 = Release|Any CPU
	EndGlobalSection
	GlobalSection(SolutionProperties) = preSolution
		HideSolutionNode = FALSE
	EndGlobalSection
	GlobalSection(ExtensibilityGlobals) = postSolution
		SolutionGuid = {88FC9331-185C-4DB1-8A6C-6E2A8178E1C9}
	EndGlobalSection
EndGlobal
